// !$*UTF8*$!
{
	archiveVersion = 1;
	classes = {
	};
	objectVersion = 50;
	objects = {

/* Begin PBXBuildFile section */
		311CAABD221C57410077FA7E /* AppDelegate.swift in Sources */ = {isa = PBXBuildFile; fileRef = 311CAABC221C57410077FA7E /* AppDelegate.swift */; };
		311CAABF221C57410077FA7E /* ViewController.swift in Sources */ = {isa = PBXBuildFile; fileRef = 311CAABE221C57410077FA7E /* ViewController.swift */; };
		311CAAC2221C57410077FA7E /* Main.storyboard in Resources */ = {isa = PBXBuildFile; fileRef = 311CAAC0221C57410077FA7E /* Main.storyboard */; };
		311CAAC5221C57410077FA7E /* CustomSearchField.xcdatamodeld in Sources */ = {isa = PBXBuildFile; fileRef = 311CAAC3221C57410077FA7E /* CustomSearchField.xcdatamodeld */; };
		311CAAC7221C57430077FA7E /* Assets.xcassets in Resources */ = {isa = PBXBuildFile; fileRef = 311CAAC6221C57430077FA7E /* Assets.xcassets */; };
		311CAACA221C57430077FA7E /* LaunchScreen.storyboard in Resources */ = {isa = PBXBuildFile; fileRef = 311CAAC8221C57430077FA7E /* LaunchScreen.storyboard */; };
		311CAAD5221C60FC0077FA7E /* CustomSearchTextField.swift in Sources */ = {isa = PBXBuildFile; fileRef = 311CAAD4221C60FC0077FA7E /* CustomSearchTextField.swift */; };
		311CAAD7221D58A90077FA7E /* SearchItem.swift in Sources */ = {isa = PBXBuildFile; fileRef = 311CAAD6221D58A90077FA7E /* SearchItem.swift */; };
/* End PBXBuildFile section */

/* Begin PBXFileReference section */
		311CAAB9221C57410077FA7E /* CustomSearchField.app */ = {isa = PBXFileReference; explicitFileType = wrapper.application; includeInIndex = 0; path = CustomSearchField.app; sourceTree = BUILT_PRODUCTS_DIR; };
		311CAABC221C57410077FA7E /* AppDelegate.swift */ = {isa = PBXFileReference; lastKnownFileType = sourcecode.swift; path = AppDelegate.swift; sourceTree = "<group>"; };
		311CAABE221C57410077FA7E /* ViewController.swift */ = {isa = PBXFileReference; lastKnownFileType = sourcecode.swift; path = ViewController.swift; sourceTree = "<group>"; };
		311CAAC1221C57410077FA7E /* Base */ = {isa = PBXFileReference; lastKnownFileType = file.storyboard; name = Base; path = Base.lproj/Main.storyboard; sourceTree = "<group>"; };
		311CAAC4221C57410077FA7E /* CustomSearchField.xcdatamodel */ = {isa = PBXFileReference; lastKnownFileType = wrapper.xcdatamodel; path = CustomSearchField.xcdatamodel; sourceTree = "<group>"; };
		311CAAC6221C57430077FA7E /* Assets.xcassets */ = {isa = PBXFileReference; lastKnownFileType = folder.assetcatalog; path = Assets.xcassets; sourceTree = "<group>"; };
		311CAAC9221C57430077FA7E /* Base */ = {isa = PBXFileReference; lastKnownFileType = file.storyboard; name = Base; path = Base.lproj/LaunchScreen.storyboard; sourceTree = "<group>"; };
		311CAACB221C57430077FA7E /* Info.plist */ = {isa = PBXFileReference; lastKnownFileType = text.plist.xml; path = Info.plist; sourceTree = "<group>"; };
		311CAAD4221C60FC0077FA7E /* CustomSearchTextField.swift */ = {isa = PBXFileReference; lastKnownFileType = sourcecode.swift; path = CustomSearchTextField.swift; sourceTree = "<group>"; };
		311CAAD6221D58A90077FA7E /* SearchItem.swift */ = {isa = PBXFileReference; lastKnownFileType = sourcecode.swift; path = SearchItem.swift; sourceTree = "<group>"; };
/* End PBXFileReference section */

/* Begin PBXFrameworksBuildPhase section */
		311CAAB6221C57410077FA7E /* Frameworks */ = {
			isa = PBXFrameworksBuildPhase;
			buildActionMask = 2147483647;
			files = (
			);
			runOnlyForDeploymentPostprocessing = 0;
		};
/* End PBXFrameworksBuildPhase section */

/* Begin PBXGroup section */
		311CAAB0221C57410077FA7E = {
			isa = PBXGroup;
			children = (
				311CAABB221C57410077FA7E /* CustomSearchField */,
				311CAABA221C57410077FA7E /* Products */,
			);
			sourceTree = "<group>";
		};
		311CAABA221C57410077FA7E /* Products */ = {
			isa = PBXGroup;
			children = (
				311CAAB9221C57410077FA7E /* CustomSearchField.app */,
			);
			name = Products;
			sourceTree = "<group>";
		};
		311CAABB221C57410077FA7E /* CustomSearchField */ = {
			isa = PBXGroup;
			children = (
				311CAAD3221C608C0077FA7E /* Controllers */,
				311CAAD2221C60840077FA7E /* View */,
				311CAAD1221C60720077FA7E /* Model */,
				311CAABC221C57410077FA7E /* AppDelegate.swift */,
				311CAAC6221C57430077FA7E /* Assets.xcassets */,
				311CAAC8221C57430077FA7E /* LaunchScreen.storyboard */,
				311CAACB221C57430077FA7E /* Info.plist */,
			);
			path = CustomSearchField;
			sourceTree = "<group>";
		};
		311CAAD1221C60720077FA7E /* Model */ = {
			isa = PBXGroup;
			children = (
				311CAAC3221C57410077FA7E /* CustomSearchField.xcdatamodeld */,
				311CAAD6221D58A90077FA7E /* SearchItem.swift */,
			);
			path = Model;
			sourceTree = "<group>";
		};
		311CAAD2221C60840077FA7E /* View */ = {
			isa = PBXGroup;
			children = (
				311CAAC0221C57410077FA7E /* Main.storyboard */,
			);
			path = View;
			sourceTree = "<group>";
		};
		311CAAD3221C608C0077FA7E /* Controllers */ = {
			isa = PBXGroup;
			children = (
				311CAABE221C57410077FA7E /* ViewController.swift */,
				311CAAD4221C60FC0077FA7E /* CustomSearchTextField.swift */,
			);
			path = Controllers;
			sourceTree = "<group>";
		};
/* End PBXGroup section */

/* Begin PBXNativeTarget section */
		311CAAB8221C57410077FA7E /* CustomSearchField */ = {
			isa = PBXNativeTarget;
			buildConfigurationList = 311CAACE221C57430077FA7E /* Build configuration list for PBXNativeTarget "CustomSearchField" */;
			buildPhases = (
				311CAAB5221C57410077FA7E /* Sources */,
				311CAAB6221C57410077FA7E /* Frameworks */,
				311CAAB7221C57410077FA7E /* Resources */,
			);
			buildRules = (
			);
			dependencies = (
			);
			name = CustomSearchField;
			productName = CustomSearchField;
			productReference = 311CAAB9221C57410077FA7E /* CustomSearchField.app */;
			productType = "com.apple.product-type.application";
		};
/* End PBXNativeTarget section */

/* Begin PBXProject section */
		311CAAB1221C57410077FA7E /* Project object */ = {
			isa = PBXProject;
			attributes = {
				LastSwiftUpdateCheck = 1010;
				LastUpgradeCheck = 1010;
				ORGANIZATIONNAME = "Emrick Sinitambirivoutin";
				TargetAttributes = {
					311CAAB8221C57410077FA7E = {
						CreatedOnToolsVersion = 10.1;
					};
				};
			};
			buildConfigurationList = 311CAAB4221C57410077FA7E /* Build configuration list for PBXProject "CustomSearchField" */;
			compatibilityVersion = "Xcode 9.3";
			developmentRegion = en;
			hasScannedForEncodings = 0;
			knownRegions = (
				en,
				Base,
			);
			mainGroup = 311CAAB0221C57410077FA7E;
			productRefGroup = 311CAABA221C57410077FA7E /* Products */;
			projectDirPath = "";
			projectRoot = "";
			targets = (
				311CAAB8221C57410077FA7E /* CustomSearchField */,
			);
		};
/* End PBXProject section */

/* Begin PBXResourcesBuildPhase section */
		311CAAB7221C57410077FA7E /* Resources */ = {
			isa = PBXResourcesBuildPhase;
			buildActionMask = 2147483647;
			files = (
				311CAACA221C57430077FA7E /* LaunchScreen.storyboard in Resources */,
				311CAAC7221C57430077FA7E /* Assets.xcassets in Resources */,
				311CAAC2221C57410077FA7E /* Main.storyboard in Resources */,
			);
			runOnlyForDeploymentPostprocessing = 0;
		};
/* End PBXResourcesBuildPhase section */

/* Begin PBXSourcesBuildPhase section */
		311CAAB5221C57410077FA7E /* Sources */ = {
			isa = PBXSourcesBuildPhase;
			buildActionMask = 2147483647;
			files = (
				311CAAD5221C60FC0077FA7E /* CustomSearchTextField.swift in Sources */,
				311CAABF221C57410077FA7E /* ViewController.swift in Sources */,
				311CAABD221C57410077FA7E /* AppDelegate.swift in Sources */,
				311CAAC5221C57410077FA7E /* CustomSearchField.xcdatamodeld in Sources */,
				311CAAD7221D58A90077FA7E /* SearchItem.swift in Sources */,
			);
			runOnlyForDeploymentPostprocessing = 0;
		};
/* End PBXSourcesBuildPhase section */

/* Begin PBXVariantGroup section */
		311CAAC0221C57410077FA7E /* Main.storyboard */ = {
			isa = PBXVariantGroup;
			children = (
				311CAAC1221C57410077FA7E /* Base */,
			);
			name = Main.storyboard;
			sourceTree = "<group>";
		};
		311CAAC8221C57430077FA7E /* LaunchScreen.storyboard */ = {
			isa = PBXVariantGroup;
			children = (
				311CAAC9221C57430077FA7E /* Base */,
			);
			name = LaunchScreen.storyboard;
			sourceTree = "<group>";
		};
/* End PBXVariantGroup section */

/* Begin XCBuildConfiguration section */
		311CAACC221C57430077FA7E /* Debug */ = {
			isa = XCBuildConfiguration;
			buildSettings = {
				ALWAYS_SEARCH_USER_PATHS = NO;
				CLANG_ANALYZER_NONNULL = YES;
				CLANG_ANALYZER_NUMBER_OBJECT_CONVERSION = YES_AGGRESSIVE;
				CLANG_CXX_LANGUAGE_STANDARD = "gnu++14";
				CLANG_CXX_LIBRARY = "libc++";
				CLANG_ENABLE_MODULES = YES;
				CLANG_ENABLE_OBJC_ARC = YES;
				CLANG_ENABLE_OBJC_WEAK = YES;
				CLANG_WARN_BLOCK_CAPTURE_AUTORELEASING = YES;
				CLANG_WARN_BOOL_CONVERSION = YES;
				CLANG_WARN_COMMA = YES;
				CLANG_WARN_CONSTANT_CONVERSION = YES;
				CLANG_WARN_DEPRECATED_OBJC_IMPLEMENTATIONS = YES;
				CLANG_WARN_DIRECT_OBJC_ISA_USAGE = YES_ERROR;
				CLANG_WARN_DOCUMENTATION_COMMENTS = YES;
				CLANG_WARN_EMPTY_BODY = YES;
				CLANG_WARN_ENUM_CONVERSION = YES;
				CLANG_WARN_INFINITE_RECURSION = YES;
				CLANG_WARN_INT_CONVERSION = YES;
				CLANG_WARN_NON_LITERAL_NULL_CONVERSION = YES;
				CLANG_WARN_OBJC_IMPLICIT_RETAIN_SELF = YES;
				CLANG_WARN_OBJC_LITERAL_CONVERSION = YES;
				CLANG_WARN_OBJC_ROOT_CLASS = YES_ERROR;
				CLANG_WARN_RANGE_LOOP_ANALYSIS = YES;
				CLANG_WARN_STRICT_PROTOTYPES = YES;
				CLANG_WARN_SUSPICIOUS_MOVE = YES;
				CLANG_WARN_UNGUARDED_AVAILABILITY = YES_AGGRESSIVE;
				CLANG_WARN_UNREACHABLE_CODE = YES;
				CLANG_WARN__DUPLICATE_METHOD_MATCH = YES;
				CODE_SIGN_IDENTITY = "iPhone Developer";
				COPY_PHASE_STRIP = NO;
				DEBUG_INFORMATION_FORMAT = dwarf;
				ENABLE_STRICT_OBJC_MSGSEND = YES;
				ENABLE_TESTABILITY = YES;
				GCC_C_LANGUAGE_STANDARD = gnu11;
				GCC_DYNAMIC_NO_PIC = NO;
				GCC_NO_COMMON_BLOCKS = YES;
				GCC_OPTIMIZATION_LEVEL = 0;
				GCC_PREPROCESSOR_DEFINITIONS = (
					"DEBUG=1",
					"$(inherited)",
				);
				GCC_WARN_64_TO_32_BIT_CONVERSION = YES;
				GCC_WARN_ABOUT_RETURN_TYPE = YES_ERROR;
				GCC_WARN_UNDECLARED_SELECTOR = YES;
				GCC_WARN_UNINITIALIZED_AUTOS = YES_AGGRESSIVE;
				GCC_WARN_UNUSED_FUNCTION = YES;
				GCC_WARN_UNUSED_VARIABLE = YES;
				IPHONEOS_DEPLOYMENT_TARGET = 12.1;
				MTL_ENABLE_DEBUG_INFO = INCLUDE_SOURCE;
				MTL_FAST_MATH = YES;
				ONLY_ACTIVE_ARCH = YES;
				SDKROOT = iphoneos;
				SWIFT_ACTIVE_COMPILATION_CONDITIONS = DEBUG;
				SWIFT_OPTIMIZATION_LEVEL = "-Onone";
			};
			name = Debug;
		};
		311CAACD221C57430077FA7E /* Release */ = {
			isa = XCBuildConfiguration;
			buildSettings = {
				ALWAYS_SEARCH_USER_PATHS = NO;
				CLANG_ANALYZER_NONNULL = YES;
				CLANG_ANALYZER_NUMBER_OBJECT_CONVERSION = YES_AGGRESSIVE;
				CLANG_CXX_LANGUAGE_STANDARD = "gnu++14";
				CLANG_CXX_LIBRARY = "libc++";
				CLANG_ENABLE_MODULES = YES;
				CLANG_ENABLE_OBJC_ARC = YES;
				CLANG_ENABLE_OBJC_WEAK = YES;
				CLANG_WARN_BLOCK_CAPTURE_AUTORELEASING = YES;
				CLANG_WARN_BOOL_CONVERSION = YES;
				CLANG_WARN_COMMA = YES;
				CLANG_WARN_CONSTANT_CONVERSION = YES;
				CLANG_WARN_DEPRECATED_OBJC_IMPLEMENTATIONS = YES;
				CLANG_WARN_DIRECT_OBJC_ISA_USAGE = YES_ERROR;
				CLANG_WARN_DOCUMENTATION_COMMENTS = YES;
				CLANG_WARN_EMPTY_BODY = YES;
				CLANG_WARN_ENUM_CONVERSION = YES;
				CLANG_WARN_INFINITE_RECURSION = YES;
				CLANG_WARN_INT_CONVERSION = YES;
				CLANG_WARN_NON_LITERAL_NULL_CONVERSION = YES;
				CLANG_WARN_OBJC_IMPLICIT_RETAIN_SELF = YES;
				CLANG_WARN_OBJC_LITERAL_CONVERSION = YES;
				CLANG_WARN_OBJC_ROOT_CLASS = YES_ERROR;
				CLANG_WARN_RANGE_LOOP_ANALYSIS = YES;
				CLANG_WARN_STRICT_PROTOTYPES = YES;
				CLANG_WARN_SUSPICIOUS_MOVE = YES;
				CLANG_WARN_UNGUARDED_AVAILABILITY = YES_AGGRESSIVE;
				CLANG_WARN_UNREACHABLE_CODE = YES;
				CLANG_WARN__DUPLICATE_METHOD_MATCH = YES;
				CODE_SIGN_IDENTITY = "iPhone Developer";
				COPY_PHASE_STRIP = NO;
				DEBUG_INFORMATION_FORMAT = "dwarf-with-dsym";
				ENABLE_NS_ASSERTIONS = NO;
				ENABLE_STRICT_OBJC_MSGSEND = YES;
				GCC_C_LANGUAGE_STANDARD = gnu11;
				GCC_NO_COMMON_BLOCKS = YES;
				GCC_WARN_64_TO_32_BIT_CONVERSION = YES;
				GCC_WARN_ABOUT_RETURN_TYPE = YES_ERROR;
				GCC_WARN_UNDECLARED_SELECTOR = YES;
				GCC_WARN_UNINITIALIZED_AUTOS = YES_AGGRESSIVE;
				GCC_WARN_UNUSED_FUNCTION = YES;
				GCC_WARN_UNUSED_VARIABLE = YES;
				IPHONEOS_DEPLOYMENT_TARGET = 12.1;
				MTL_ENABLE_DEBUG_INFO = NO;
				MTL_FAST_MATH = YES;
				SDKROOT = iphoneos;
				SWIFT_COMPILATION_MODE = wholemodule;
				SWIFT_OPTIMIZATION_LEVEL = "-O";
				VALIDATE_PRODUCT = YES;
			};
			name = Release;
		};
		311CAACF221C57430077FA7E /* Debug */ = {
			isa = XCBuildConfiguration;
			buildSettings = {
				ASSETCATALOG_COMPILER_APPICON_NAME = AppIcon;
				CODE_SIGN_STYLE = Automatic;
				DEVELOPMENT_TEAM = 8P677JA588;
				INFOPLIST_FILE = CustomSearchField/Info.plist;
				LD_RUNPATH_SEARCH_PATHS = (
					"$(inherited)",
					"@executable_path/Frameworks",
				);
				PRODUCT_BUNDLE_IDENTIFIER = com.emrick.CustomSearchField;
				PRODUCT_NAME = "$(TARGET_NAME)";
				SWIFT_VERSION = 4.2;
				TARGETED_DEVICE_FAMILY = "1,2";
			};
			name = Debug;
		};
		311CAAD0221C57430077FA7E /* Release */ = {
			isa = XCBuildConfiguration;
			buildSettings = {
				ASSETCATALOG_COMPILER_APPICON_NAME = AppIcon;
				CODE_SIGN_STYLE = Automatic;
				DEVELOPMENT_TEAM = 8P677JA588;
				INFOPLIST_FILE = CustomSearchField/Info.plist;
				LD_RUNPATH_SEARCH_PATHS = (
					"$(inherited)",
					"@executable_path/Frameworks",
				);
				PRODUCT_BUNDLE_IDENTIFIER = com.emrick.CustomSearchField;
				PRODUCT_NAME = "$(TARGET_NAME)";
				SWIFT_VERSION = 4.2;
				TARGETED_DEVICE_FAMILY = "1,2";
			};
			name = Release;
		};
/* End XCBuildConfiguration section */

/* Begin XCConfigurationList section */
		311CAAB4221C57410077FA7E /* Build configuration list for PBXProject "CustomSearchField" */ = {
			isa = XCConfigurationList;
			buildConfigurations = (
				311CAACC221C57430077FA7E /* Debug */,
				311CAACD221C57430077FA7E /* Release */,
			);
			defaultConfigurationIsVisible = 0;
			defaultConfigurationName = Release;
		};
		311CAACE221C57430077FA7E /* Build configuration list for PBXNativeTarget "CustomSearchField" */ = {
			isa = XCConfigurationList;
			buildConfigurations = (
				311CAACF221C57430077FA7E /* Debug */,
				311CAAD0221C57430077FA7E /* Release */,
			);
			defaultConfigurationIsVisible = 0;
			defaultConfigurationName = Release;
		};
/* End XCConfigurationList section */

/* Begin XCVersionGroup section */
		311CAAC3221C57410077FA7E /* CustomSearchField.xcdatamodeld */ = {
			isa = XCVersionGroup;
			children = (
				311CAAC4221C57410077FA7E /* CustomSearchField.xcdatamodel */,
			);
			currentVersion = 311CAAC4221C57410077FA7E /* CustomSearchField.xcdatamodel */;
			path = CustomSearchField.xcdatamodeld;
			sourceTree = "<group>";
			versionGroupType = wrapper.xcdatamodel;
		};
/* End XCVersionGroup section */
	};
	rootObject = 311CAAB1221C57410077FA7E /* Project object */;
}
